// !$*UTF8*$!
{
	archiveVersion = 1;
	classes = {
	};
	objectVersion = 50;
	objects = {

/* Begin PBXBuildFile section */
		2BE5EAF725FA40D40014C556 /* mvvm_demoApp.swift in Sources */ = {isa = PBXBuildFile; fileRef = 2BE5EAF625FA40D40014C556 /* mvvm_demoApp.swift */; };
		2BE5EAF925FA40D40014C556 /* ContentView.swift in Sources */ = {isa = PBXBuildFile; fileRef = 2BE5EAF825FA40D40014C556 /* ContentView.swift */; };
		2BE5EAFB25FA40D50014C556 /* Assets.xcassets in Resources */ = {isa = PBXBuildFile; fileRef = 2BE5EAFA25FA40D50014C556 /* Assets.xcassets */; };
		2BE5EAFE25FA40D50014C556 /* Preview Assets.xcassets in Resources */ = {isa = PBXBuildFile; fileRef = 2BE5EAFD25FA40D50014C556 /* Preview Assets.xcassets */; };
		2BE5EB0B25FA417B0014C556 /* RecipeModel.swift in Sources */ = {isa = PBXBuildFile; fileRef = 2BE5EB0A25FA417B0014C556 /* RecipeModel.swift */; };
		2BE5EB0F25FA42480014C556 /* data.json in Resources */ = {isa = PBXBuildFile; fileRef = 2BE5EB0E25FA42480014C556 /* data.json */; };
		2BE5EB1225FA42A20014C556 /* Recipe.swift in Sources */ = {isa = PBXBuildFile; fileRef = 2BE5EB1125FA42A20014C556 /* Recipe.swift */; };
/* End PBXBuildFile section */

/* Begin PBXFileReference section */
		2BE5EAF325FA40D40014C556 /* mvvm-demo.app */ = {isa = PBXFileReference; explicitFileType = wrapper.application; includeInIndex = 0; path = "mvvm-demo.app"; sourceTree = BUILT_PRODUCTS_DIR; };
		2BE5EAF625FA40D40014C556 /* mvvm_demoApp.swift */ = {isa = PBXFileReference; lastKnownFileType = sourcecode.swift; path = mvvm_demoApp.swift; sourceTree = "<group>"; };
		2BE5EAF825FA40D40014C556 /* ContentView.swift */ = {isa = PBXFileReference; lastKnownFileType = sourcecode.swift; path = ContentView.swift; sourceTree = "<group>"; };
		2BE5EAFA25FA40D50014C556 /* Assets.xcassets */ = {isa = PBXFileReference; lastKnownFileType = folder.assetcatalog; path = Assets.xcassets; sourceTree = "<group>"; };
		2BE5EAFD25FA40D50014C556 /* Preview Assets.xcassets */ = {isa = PBXFileReference; lastKnownFileType = folder.assetcatalog; path = "Preview Assets.xcassets"; sourceTree = "<group>"; };
		2BE5EAFF25FA40D50014C556 /* Info.plist */ = {isa = PBXFileReference; lastKnownFileType = text.plist.xml; path = Info.plist; sourceTree = "<group>"; };
		2BE5EB0A25FA417B0014C556 /* RecipeModel.swift */ = {isa = PBXFileReference; lastKnownFileType = sourcecode.swift; path = RecipeModel.swift; sourceTree = "<group>"; };
		2BE5EB0E25FA42480014C556 /* data.json */ = {isa = PBXFileReference; lastKnownFileType = text.json; path = data.json; sourceTree = "<group>"; };
		2BE5EB1125FA42A20014C556 /* Recipe.swift */ = {isa = PBXFileReference; lastKnownFileType = sourcecode.swift; path = Recipe.swift; sourceTree = "<group>"; };
/* End PBXFileReference section */

/* Begin PBXFrameworksBuildPhase section */
		2BE5EAF025FA40D40014C556 /* Frameworks */ = {
			isa = PBXFrameworksBuildPhase;
			buildActionMask = 2147483647;
			files = (
			);
			runOnlyForDeploymentPostprocessing = 0;
		};
/* End PBXFrameworksBuildPhase section */

/* Begin PBXGroup section */
		2BE5EAEA25FA40D40014C556 = {
			isa = PBXGroup;
			children = (
				2BE5EAF525FA40D40014C556 /* mvvm-demo */,
				2BE5EAF425FA40D40014C556 /* Products */,
			);
			sourceTree = "<group>";
		};
		2BE5EAF425FA40D40014C556 /* Products */ = {
			isa = PBXGroup;
			children = (
				2BE5EAF325FA40D40014C556 /* mvvm-demo.app */,
			);
			name = Products;
			sourceTree = "<group>";
		};
		2BE5EAF525FA40D40014C556 /* mvvm-demo */ = {
			isa = PBXGroup;
			children = (
				2BE5EAF625FA40D40014C556 /* mvvm_demoApp.swift */,
				2BE5EB0625FA40F60014C556 /* ViewModels */,
				2BE5EB0925FA411D0014C556 /* Models */,
				2BE5EB0725FA41070014C556 /* Views */,
				2BE5EAFA25FA40D50014C556 /* Assets.xcassets */,
				2BE5EAFF25FA40D50014C556 /* Info.plist */,
				2BE5EB0825FA41100014C556 /* Data */,
				2BE5EAFC25FA40D50014C556 /* Preview Content */,
			);
			path = "mvvm-demo";
			sourceTree = "<group>";
		};
		2BE5EAFC25FA40D50014C556 /* Preview Content */ = {
			isa = PBXGroup;
			children = (
				2BE5EAFD25FA40D50014C556 /* Preview Assets.xcassets */,
			);
			path = "Preview Content";
			sourceTree = "<group>";
		};
		2BE5EB0625FA40F60014C556 /* ViewModels */ = {
			isa = PBXGroup;
			children = (
				2BE5EB0A25FA417B0014C556 /* RecipeModel.swift */,
			);
			path = ViewModels;
			sourceTree = "<group>";
		};
		2BE5EB0725FA41070014C556 /* Views */ = {
			isa = PBXGroup;
			children = (
				2BE5EAF825FA40D40014C556 /* ContentView.swift */,
			);
			path = Views;
			sourceTree = "<group>";
		};
		2BE5EB0825FA41100014C556 /* Data */ = {
			isa = PBXGroup;
			children = (
				2BE5EB0E25FA42480014C556 /* data.json */,
			);
			path = Data;
			sourceTree = "<group>";
		};
		2BE5EB0925FA411D0014C556 /* Models */ = {
			isa = PBXGroup;
			children = (
				2BE5EB1125FA42A20014C556 /* Recipe.swift */,
			);
			path = Models;
			sourceTree = "<group>";
		};
/* End PBXGroup section */

/* Begin PBXNativeTarget section */
		2BE5EAF225FA40D40014C556 /* mvvm-demo */ = {
			isa = PBXNativeTarget;
			buildConfigurationList = 2BE5EB0225FA40D50014C556 /* Build configuration list for PBXNativeTarget "mvvm-demo" */;
			buildPhases = (
				2BE5EAEF25FA40D40014C556 /* Sources */,
				2BE5EAF025FA40D40014C556 /* Frameworks */,
				2BE5EAF125FA40D40014C556 /* Resources */,
			);
			buildRules = (
			);
			dependencies = (
			);
			name = "mvvm-demo";
			productName = "mvvm-demo";
			productReference = 2BE5EAF325FA40D40014C556 /* mvvm-demo.app */;
			productType = "com.apple.product-type.application";
		};
/* End PBXNativeTarget section */

/* Begin PBXProject section */
		2BE5EAEB25FA40D40014C556 /* Project object */ = {
			isa = PBXProject;
			attributes = {
				LastSwiftUpdateCheck = 1240;
				LastUpgradeCheck = 1240;
				TargetAttributes = {
					2BE5EAF225FA40D40014C556 = {
						CreatedOnToolsVersion = 12.4;
					};
				};
			};
			buildConfigurationList = 2BE5EAEE25FA40D40014C556 /* Build configuration list for PBXProject "mvvm-demo" */;
			compatibilityVersion = "Xcode 9.3";
			developmentRegion = en;
			hasScannedForEncodings = 0;
			knownRegions = (
				en,
				Base,
			);
			mainGroup = 2BE5EAEA25FA40D40014C556;
			productRefGroup = 2BE5EAF425FA40D40014C556 /* Products */;
			projectDirPath = "";
			projectRoot = "";
			targets = (
				2BE5EAF225FA40D40014C556 /* mvvm-demo */,
			);
		};
/* End PBXProject section */

/* Begin PBXResourcesBuildPhase section */
		2BE5EAF125FA40D40014C556 /* Resources */ = {
			isa = PBXResourcesBuildPhase;
			buildActionMask = 2147483647;
			files = (
				2BE5EAFE25FA40D50014C556 /* Preview Assets.xcassets in Resources */,
				2BE5EB0F25FA42480014C556 /* data.json in Resources */,
				2BE5EAFB25FA40D50014C556 /* Assets.xcassets in Resources */,
			);
			runOnlyForDeploymentPostprocessing = 0;
		};
/* End PBXResourcesBuildPhase section */

/* Begin PBXSourcesBuildPhase section */
		2BE5EAEF25FA40D40014C556 /* Sources */ = {
			isa = PBXSourcesBuildPhase;
			buildActionMask = 2147483647;
			files = (
				2BE5EAF925FA40D40014C556 /* ContentView.swift in Sources */,
				2BE5EAF725FA40D40014C556 /* mvvm_demoApp.swift in Sources */,
				2BE5EB0B25FA417B0014C556 /* RecipeModel.swift in Sources */,
				2BE5EB1225FA42A20014C556 /* Recipe.swift in Sources */,
			);
			runOnlyForDeploymentPostprocessing = 0;
		};
/* End PBXSourcesBuildPhase section */

/* Begin XCBuildConfiguration section */
		2BE5EB0025FA40D50014C556 /* Debug */ = {
			isa = XCBuildConfiguration;
			buildSettings = {
				ALWAYS_SEARCH_USER_PATHS = NO;
				CLANG_ANALYZER_NONNULL = YES;
				CLANG_ANALYZER_NUMBER_OBJECT_CONVERSION = YES_AGGRESSIVE;
				CLANG_CXX_LANGUAGE_STANDARD = "gnu++14";
				CLANG_CXX_LIBRARY = "libc++";
				CLANG_ENABLE_MODULES = YES;
				CLANG_ENABLE_OBJC_ARC = YES;
				CLANG_ENABLE_OBJC_WEAK = YES;
				CLANG_WARN_BLOCK_CAPTURE_AUTORELEASING = YES;
				CLANG_WARN_BOOL_CONVERSION = YES;
				CLANG_WARN_COMMA = YES;
				CLANG_WARN_CONSTANT_CONVERSION = YES;
				CLANG_WARN_DEPRECATED_OBJC_IMPLEMENTATIONS = YES;
				CLANG_WARN_DIRECT_OBJC_ISA_USAGE = YES_ERROR;
				CLANG_WARN_DOCUMENTATION_COMMENTS = YES;
				CLANG_WARN_EMPTY_BODY = YES;
				CLANG_WARN_ENUM_CONVERSION = YES;
				CLANG_WARN_INFINITE_RECURSION = YES;
				CLANG_WARN_INT_CONVERSION = YES;
				CLANG_WARN_NON_LITERAL_NULL_CONVERSION = YES;
				CLANG_WARN_OBJC_IMPLICIT_RETAIN_SELF = YES;
				CLANG_WARN_OBJC_LITERAL_CONVERSION = YES;
				CLANG_WARN_OBJC_ROOT_CLASS = YES_ERROR;
				CLANG_WARN_QUOTED_INCLUDE_IN_FRAMEWORK_HEADER = YES;
				CLANG_WARN_RANGE_LOOP_ANALYSIS = YES;
				CLANG_WARN_STRICT_PROTOTYPES = YES;
				CLANG_WARN_SUSPICIOUS_MOVE = YES;
				CLANG_WARN_UNGUARDED_AVAILABILITY = YES_AGGRESSIVE;
				CLANG_WARN_UNREACHABLE_CODE = YES;
				CLANG_WARN__DUPLICATE_METHOD_MATCH = YES;
				COPY_PHASE_STRIP = NO;
				DEBUG_INFORMATION_FORMAT = dwarf;
				ENABLE_STRICT_OBJC_MSGSEND = YES;
				ENABLE_TESTABILITY = YES;
				GCC_C_LANGUAGE_STANDARD = gnu11;
				GCC_DYNAMIC_NO_PIC = NO;
				GCC_NO_COMMON_BLOCKS = YES;
				GCC_OPTIMIZATION_LEVEL = 0;
				GCC_PREPROCESSOR_DEFINITIONS = (
					"DEBUG=1",
					"$(inherited)",
				);
				GCC_WARN_64_TO_32_BIT_CONVERSION = YES;
				GCC_WARN_ABOUT_RETURN_TYPE = YES_ERROR;
				GCC_WARN_UNDECLARED_SELECTOR = YES;
				GCC_WARN_UNINITIALIZED_AUTOS = YES_AGGRESSIVE;
				GCC_WARN_UNUSED_FUNCTION = YES;
				GCC_WARN_UNUSED_VARIABLE = YES;
				IPHONEOS_DEPLOYMENT_TARGET = 14.4;
				MTL_ENABLE_DEBUG_INFO = INCLUDE_SOURCE;
				MTL_FAST_MATH = YES;
				ONLY_ACTIVE_ARCH = YES;
				SDKROOT = iphoneos;
				SWIFT_ACTIVE_COMPILATION_CONDITIONS = DEBUG;
				SWIFT_OPTIMIZATION_LEVEL = "-Onone";
			};
			name = Debug;
		};
		2BE5EB0125FA40D50014C556 /* Release */ = {
			isa = XCBuildConfiguration;
			buildSettings = {
				ALWAYS_SEARCH_USER_PATHS = NO;
				CLANG_ANALYZER_NONNULL = YES;
				CLANG_ANALYZER_NUMBER_OBJECT_CONVERSION = YES_AGGRESSIVE;
				CLANG_CXX_LANGUAGE_STANDARD = "gnu++14";
				CLANG_CXX_LIBRARY = "libc++";
				CLANG_ENABLE_MODULES = YES;
				CLANG_ENABLE_OBJC_ARC = YES;
				CLANG_ENABLE_OBJC_WEAK = YES;
				CLANG_WARN_BLOCK_CAPTURE_AUTORELEASING = YES;
				CLANG_WARN_BOOL_CONVERSION = YES;
				CLANG_WARN_COMMA = YES;
				CLANG_WARN_CONSTANT_CONVERSION = YES;
				CLANG_WARN_DEPRECATED_OBJC_IMPLEMENTATIONS = YES;
				CLANG_WARN_DIRECT_OBJC_ISA_USAGE = YES_ERROR;
				CLANG_WARN_DOCUMENTATION_COMMENTS = YES;
				CLANG_WARN_EMPTY_BODY = YES;
				CLANG_WARN_ENUM_CONVERSION = YES;
				CLANG_WARN_INFINITE_RECURSION = YES;
				CLANG_WARN_INT_CONVERSION = YES;
				CLANG_WARN_NON_LITERAL_NULL_CONVERSION = YES;
				CLANG_WARN_OBJC_IMPLICIT_RETAIN_SELF = YES;
				CLANG_WARN_OBJC_LITERAL_CONVERSION = YES;
				CLANG_WARN_OBJC_ROOT_CLASS = YES_ERROR;
				CLANG_WARN_QUOTED_INCLUDE_IN_FRAMEWORK_HEADER = YES;
				CLANG_WARN_RANGE_LOOP_ANALYSIS = YES;
				CLANG_WARN_STRICT_PROTOTYPES = YES;
				CLANG_WARN_SUSPICIOUS_MOVE = YES;
				CLANG_WARN_UNGUARDED_AVAILABILITY = YES_AGGRESSIVE;
				CLANG_WARN_UNREACHABLE_CODE = YES;
				CLANG_WARN__DUPLICATE_METHOD_MATCH = YES;
				COPY_PHASE_STRIP = NO;
				DEBUG_INFORMATION_FORMAT = "dwarf-with-dsym";
				ENABLE_NS_ASSERTIONS = NO;
				ENABLE_STRICT_OBJC_MSGSEND = YES;
				GCC_C_LANGUAGE_STANDARD = gnu11;
				GCC_NO_COMMON_BLOCKS = YES;
				GCC_WARN_64_TO_32_BIT_CONVERSION = YES;
				GCC_WARN_ABOUT_RETURN_TYPE = YES_ERROR;
				GCC_WARN_UNDECLARED_SELECTOR = YES;
				GCC_WARN_UNINITIALIZED_AUTOS = YES_AGGRESSIVE;
				GCC_WARN_UNUSED_FUNCTION = YES;
				GCC_WARN_UNUSED_VARIABLE = YES;
				IPHONEOS_DEPLOYMENT_TARGET = 14.4;
				MTL_ENABLE_DEBUG_INFO = NO;
				MTL_FAST_MATH = YES;
				SDKROOT = iphoneos;
				SWIFT_COMPILATION_MODE = wholemodule;
				SWIFT_OPTIMIZATION_LEVEL = "-O";
				VALIDATE_PRODUCT = YES;
			};
			name = Release;
		};
		2BE5EB0325FA40D50014C556 /* Debug */ = {
			isa = XCBuildConfiguration;
			buildSettings = {
				ASSETCATALOG_COMPILER_APPICON_NAME = AppIcon;
				ASSETCATALOG_COMPILER_GLOBAL_ACCENT_COLOR_NAME = AccentColor;
				CODE_SIGN_STYLE = Automatic;
				DEVELOPMENT_ASSET_PATHS = "\"mvvm-demo/Preview Content\"";
				DEVELOPMENT_TEAM = 33M4LF549D;
				ENABLE_PREVIEWS = YES;
				INFOPLIST_FILE = "mvvm-demo/Info.plist";
				IPHONEOS_DEPLOYMENT_TARGET = 14.0;
				LD_RUNPATH_SEARCH_PATHS = (
					"$(inherited)",
					"@executable_path/Frameworks",
				);
				PRODUCT_BUNDLE_IDENTIFIER = "nl.octavian.mvvm-demo";
				PRODUCT_NAME = "$(TARGET_NAME)";
				SWIFT_VERSION = 5.0;
				TARGETED_DEVICE_FAMILY = "1,2";
			};
			name = Debug;
		};
		2BE5EB0425FA40D50014C556 /* Release */ = {
			isa = XCBuildConfiguration;
			buildSettings = {
				ASSETCATALOG_COMPILER_APPICON_NAME = AppIcon;
				ASSETCATALOG_COMPILER_GLOBAL_ACCENT_COLOR_NAME = AccentColor;
				CODE_SIGN_STYLE = Automatic;
				DEVELOPMENT_ASSET_PATHS = "\"mvvm-demo/Preview Content\"";
				DEVELOPMENT_TEAM = 33M4LF549D;
				ENABLE_PREVIEWS = YES;
				INFOPLIST_FILE = "mvvm-demo/Info.plist";
				IPHONEOS_DEPLOYMENT_TARGET = 14.0;
				LD_RUNPATH_SEARCH_PATHS = (
					"$(inherited)",
					"@executable_path/Frameworks",
				);
				PRODUCT_BUNDLE_IDENTIFIER = "nl.octavian.mvvm-demo";
				PRODUCT_NAME = "$(TARGET_NAME)";
				SWIFT_VERSION = 5.0;
				TARGETED_DEVICE_FAMILY = "1,2";
			};
			name = Release;
		};
/* End XCBuildConfiguration section */

/* Begin XCConfigurationList section */
		2BE5EAEE25FA40D40014C556 /* Build configuration list for PBXProject "mvvm-demo" */ = {
			isa = XCConfigurationList;
			buildConfigurations = (
				2BE5EB0025FA40D50014C556 /* Debug */,
				2BE5EB0125FA40D50014C556 /* Release */,
			);
			defaultConfigurationIsVisible = 0;
			defaultConfigurationName = Release;
		};
		2BE5EB0225FA40D50014C556 /* Build configuration list for PBXNativeTarget "mvvm-demo" */ = {
			isa = XCConfigurationList;
			buildConfigurations = (
				2BE5EB0325FA40D50014C556 /* Debug */,
				2BE5EB0425FA40D50014C556 /* Release */,
			);
			defaultConfigurationIsVisible = 0;
			defaultConfigurationName = Release;
		};
/* End XCConfigurationList section */
	};
	rootObject = 2BE5EAEB25FA40D40014C556 /* Project object */;
}
